// !$*UTF8*$!
{
	archiveVersion = 1;
	classes = {
	};
	objectVersion = 48;
	objects = {

/* Begin PBXBuildFile section */
		CBF84C391F8B692A0074004A /* AppDelegate.swift in Sources */ = {isa = PBXBuildFile; fileRef = CBF84C381F8B692A0074004A /* AppDelegate.swift */; };
		CBF84C3B1F8B692A0074004A /* ViewController.swift in Sources */ = {isa = PBXBuildFile; fileRef = CBF84C3A1F8B692A0074004A /* ViewController.swift */; };
		CBF84C3E1F8B692A0074004A /* Main.storyboard in Resources */ = {isa = PBXBuildFile; fileRef = CBF84C3C1F8B692A0074004A /* Main.storyboard */; };
		CBF84C401F8B692A0074004A /* Assets.xcassets in Resources */ = {isa = PBXBuildFile; fileRef = CBF84C3F1F8B692A0074004A /* Assets.xcassets */; };
		CBF84C431F8B692A0074004A /* LaunchScreen.storyboard in Resources */ = {isa = PBXBuildFile; fileRef = CBF84C411F8B692A0074004A /* LaunchScreen.storyboard */; };
/* End PBXBuildFile section */

/* Begin PBXFileReference section */
		CBF84C351F8B692A0074004A /* Application_ATeam.app */ = {isa = PBXFileReference; explicitFileType = wrapper.application; includeInIndex = 0; path = Application_ATeam.app; sourceTree = BUILT_PRODUCTS_DIR; };
		CBF84C381F8B692A0074004A /* AppDelegate.swift */ = {isa = PBXFileReference; lastKnownFileType = sourcecode.swift; path = AppDelegate.swift; sourceTree = "<group>"; };
		CBF84C3A1F8B692A0074004A /* ViewController.swift */ = {isa = PBXFileReference; lastKnownFileType = sourcecode.swift; path = ViewController.swift; sourceTree = "<group>"; };
		CBF84C3D1F8B692A0074004A /* Base */ = {isa = PBXFileReference; lastKnownFileType = file.storyboard; name = Base; path = Base.lproj/Main.storyboard; sourceTree = "<group>"; };
		CBF84C3F1F8B692A0074004A /* Assets.xcassets */ = {isa = PBXFileReference; lastKnownFileType = folder.assetcatalog; path = Assets.xcassets; sourceTree = "<group>"; };
		CBF84C421F8B692A0074004A /* Base */ = {isa = PBXFileReference; lastKnownFileType = file.storyboard; name = Base; path = Base.lproj/LaunchScreen.storyboard; sourceTree = "<group>"; };
		CBF84C441F8B692A0074004A /* Info.plist */ = {isa = PBXFileReference; lastKnownFileType = text.plist.xml; path = Info.plist; sourceTree = "<group>"; };
/* End PBXFileReference section */

/* Begin PBXFrameworksBuildPhase section */
		CBF84C321F8B692A0074004A /* Frameworks */ = {
			isa = PBXFrameworksBuildPhase;
			buildActionMask = 2147483647;
			files = (
			);
			runOnlyForDeploymentPostprocessing = 0;
		};
/* End PBXFrameworksBuildPhase section */

/* Begin PBXGroup section */
		CBF84C2C1F8B692A0074004A = {
			isa = PBXGroup;
			children = (
				CBF84C371F8B692A0074004A /* Application_ATeam */,
				CBF84C361F8B692A0074004A /* Products */,
			);
			sourceTree = "<group>";
		};
		CBF84C361F8B692A0074004A /* Products */ = {
			isa = PBXGroup;
			children = (
				CBF84C351F8B692A0074004A /* Application_ATeam.app */,
			);
			name = Products;
			sourceTree = "<group>";
		};
		CBF84C371F8B692A0074004A /* Application_ATeam */ = {
			isa = PBXGroup;
			children = (
				CBF84C381F8B692A0074004A /* AppDelegate.swift */,
				CBF84C3A1F8B692A0074004A /* ViewController.swift */,
				CBF84C3C1F8B692A0074004A /* Main.storyboard */,
				CBF84C3F1F8B692A0074004A /* Assets.xcassets */,
				CBF84C411F8B692A0074004A /* LaunchScreen.storyboard */,
				CBF84C441F8B692A0074004A /* Info.plist */,
			);
			path = Application_ATeam;
			sourceTree = "<group>";
		};
/* End PBXGroup section */

/* Begin PBXNativeTarget section */
		CBF84C341F8B692A0074004A /* Application_ATeam */ = {
			isa = PBXNativeTarget;
			buildConfigurationList = CBF84C471F8B692A0074004A /* Build configuration list for PBXNativeTarget "Application_ATeam" */;
			buildPhases = (
				CBF84C311F8B692A0074004A /* Sources */,
				CBF84C321F8B692A0074004A /* Frameworks */,
				CBF84C331F8B692A0074004A /* Resources */,
			);
			buildRules = (
			);
			dependencies = (
			);
			name = Application_ATeam;
			productName = Application_ATeam;
			productReference = CBF84C351F8B692A0074004A /* Application_ATeam.app */;
			productType = "com.apple.product-type.application";
		};
/* End PBXNativeTarget section */

/* Begin PBXProject section */
		CBF84C2D1F8B692A0074004A /* Project object */ = {
			isa = PBXProject;
			attributes = {
				LastSwiftUpdateCheck = 0900;
				LastUpgradeCheck = 0900;
				ORGANIZATIONNAME = "Артем Стратиенко";
				TargetAttributes = {
					CBF84C341F8B692A0074004A = {
						CreatedOnToolsVersion = 9.0;
						ProvisioningStyle = Automatic;
					};
				};
			};
			buildConfigurationList = CBF84C301F8B692A0074004A /* Build configuration list for PBXProject "Application_ATeam" */;
			compatibilityVersion = "Xcode 8.0";
			developmentRegion = en;
			hasScannedForEncodings = 0;
			knownRegions = (
				en,
				Base,
			);
			mainGroup = CBF84C2C1F8B692A0074004A;
			productRefGroup = CBF84C361F8B692A0074004A /* Products */;
			projectDirPath = "";
			projectRoot = "";
			targets = (
				CBF84C341F8B692A0074004A /* Application_ATeam */,
			);
		};
/* End PBXProject section */

/* Begin PBXResourcesBuildPhase section */
		CBF84C331F8B692A0074004A /* Resources */ = {
			isa = PBXResourcesBuildPhase;
			buildActionMask = 2147483647;
			files = (
				CBF84C431F8B692A0074004A /* LaunchScreen.storyboard in Resources */,
				CBF84C401F8B692A0074004A /* Assets.xcassets in Resources */,
				CBF84C3E1F8B692A0074004A /* Main.storyboard in Resources */,
			);
			runOnlyForDeploymentPostprocessing = 0;
		};
/* End PBXResourcesBuildPhase section */

/* Begin PBXSourcesBuildPhase section */
		CBF84C311F8B692A0074004A /* Sources */ = {
			isa = PBXSourcesBuildPhase;
			buildActionMask = 2147483647;
			files = (
				CBF84C3B1F8B692A0074004A /* ViewController.swift in Sources */,
				CBF84C391F8B692A0074004A /* AppDelegate.swift in Sources */,
			);
			runOnlyForDeploymentPostprocessing = 0;
		};
/* End PBXSourcesBuildPhase section */

/* Begin PBXVariantGroup section */
		CBF84C3C1F8B692A0074004A /* Main.storyboard */ = {
			isa = PBXVariantGroup;
			children = (
				CBF84C3D1F8B692A0074004A /* Base */,
			);
			name = Main.storyboard;
			sourceTree = "<group>";
		};
		CBF84C411F8B692A0074004A /* LaunchScreen.storyboard */ = {
			isa = PBXVariantGroup;
			children = (
				CBF84C421F8B692A0074004A /* Base */,
			);
			name = LaunchScreen.storyboard;
			sourceTree = "<group>";
		};
/* End PBXVariantGroup section */

/* Begin XCBuildConfiguration section */
		CBF84C451F8B692A0074004A /* Debug */ = {
			isa = XCBuildConfiguration;
			buildSettings = {
				ALWAYS_SEARCH_USER_PATHS = NO;
				CLANG_ANALYZER_NONNULL = YES;
				CLANG_ANALYZER_NUMBER_OBJECT_CONVERSION = YES_AGGRESSIVE;
				CLANG_CXX_LANGUAGE_STANDARD = "gnu++14";
				CLANG_CXX_LIBRARY = "libc++";
				CLANG_ENABLE_MODULES = YES;
				CLANG_ENABLE_OBJC_ARC = YES;
				CLANG_WARN_BLOCK_CAPTURE_AUTORELEASING = YES;
				CLANG_WARN_BOOL_CONVERSION = YES;
				CLANG_WARN_COMMA = YES;
				CLANG_WARN_CONSTANT_CONVERSION = YES;
				CLANG_WARN_DIRECT_OBJC_ISA_USAGE = YES_ERROR;
				CLANG_WARN_DOCUMENTATION_COMMENTS = YES;
				CLANG_WARN_EMPTY_BODY = YES;
				CLANG_WARN_ENUM_CONVERSION = YES;
				CLANG_WARN_INFINITE_RECURSION = YES;
				CLANG_WARN_INT_CONVERSION = YES;
				CLANG_WARN_NON_LITERAL_NULL_CONVERSION = YES;
				CLANG_WARN_OBJC_LITERAL_CONVERSION = YES;
				CLANG_WARN_OBJC_ROOT_CLASS = YES_ERROR;
				CLANG_WARN_RANGE_LOOP_ANALYSIS = YES;
				CLANG_WARN_STRICT_PROTOTYPES = YES;
				CLANG_WARN_SUSPICIOUS_MOVE = YES;
				CLANG_WARN_UNGUARDED_AVAILABILITY = YES_AGGRESSIVE;
				CLANG_WARN_UNREACHABLE_CODE = YES;
				CLANG_WARN__DUPLICATE_METHOD_MATCH = YES;
				CODE_SIGN_IDENTITY = "iPhone Developer";
				COPY_PHASE_STRIP = NO;
				DEBUG_INFORMATION_FORMAT = dwarf;
				ENABLE_STRICT_OBJC_MSGSEND = YES;
				ENABLE_TESTABILITY = YES;
				GCC_C_LANGUAGE_STANDARD = gnu11;
				GCC_DYNAMIC_NO_PIC = NO;
				GCC_NO_COMMON_BLOCKS = YES;
				GCC_OPTIMIZATION_LEVEL = 0;
				GCC_PREPROCESSOR_DEFINITIONS = (
					"DEBUG=1",
					"$(inherited)",
				);
				GCC_WARN_64_TO_32_BIT_CONVERSION = YES;
				GCC_WARN_ABOUT_RETURN_TYPE = YES_ERROR;
				GCC_WARN_UNDECLARED_SELECTOR = YES;
				GCC_WARN_UNINITIALIZED_AUTOS = YES_AGGRESSIVE;
				GCC_WARN_UNUSED_FUNCTION = YES;
				GCC_WARN_UNUSED_VARIABLE = YES;
				IPHONEOS_DEPLOYMENT_TARGET = 11.0;
				MTL_ENABLE_DEBUG_INFO = YES;
				ONLY_ACTIVE_ARCH = YES;
				SDKROOT = iphoneos;
				SWIFT_ACTIVE_COMPILATION_CONDITIONS = DEBUG;
				SWIFT_OPTIMIZATION_LEVEL = "-Onone";
			};
			name = Debug;
		};
		CBF84C461F8B692A0074004A /* Release */ = {
			isa = XCBuildConfiguration;
			buildSettings = {
				ALWAYS_SEARCH_USER_PATHS = NO;
				CLANG_ANALYZER_NONNULL = YES;
				CLANG_ANALYZER_NUMBER_OBJECT_CONVERSION = YES_AGGRESSIVE;
				CLANG_CXX_LANGUAGE_STANDARD = "gnu++14";
				CLANG_CXX_LIBRARY = "libc++";
				CLANG_ENABLE_MODULES = YES;
				CLANG_ENABLE_OBJC_ARC = YES;
				CLANG_WARN_BLOCK_CAPTURE_AUTORELEASING = YES;
				CLANG_WARN_BOOL_CONVERSION = YES;
				CLANG_WARN_COMMA = YES;
				CLANG_WARN_CONSTANT_CONVERSION = YES;
				CLANG_WARN_DIRECT_OBJC_ISA_USAGE = YES_ERROR;
				CLANG_WARN_DOCUMENTATION_COMMENTS = YES;
				CLANG_WARN_EMPTY_BODY = YES;
				CLANG_WARN_ENUM_CONVERSION = YES;
				CLANG_WARN_INFINITE_RECURSION = YES;
				CLANG_WARN_INT_CONVERSION = YES;
				CLANG_WARN_NON_LITERAL_NULL_CONVERSION = YES;
				CLANG_WARN_OBJC_LITERAL_CONVERSION = YES;
				CLANG_WARN_OBJC_ROOT_CLASS = YES_ERROR;
				CLANG_WARN_RANGE_LOOP_ANALYSIS = YES;
				CLANG_WARN_STRICT_PROTOTYPES = YES;
				CLANG_WARN_SUSPICIOUS_MOVE = YES;
				CLANG_WARN_UNGUARDED_AVAILABILITY = YES_AGGRESSIVE;
				CLANG_WARN_UNREACHABLE_CODE = YES;
				CLANG_WARN__DUPLICATE_METHOD_MATCH = YES;
				CODE_SIGN_IDENTITY = "iPhone Developer";
				COPY_PHASE_STRIP = NO;
				DEBUG_INFORMATION_FORMAT = "dwarf-with-dsym";
				ENABLE_NS_ASSERTIONS = NO;
				ENABLE_STRICT_OBJC_MSGSEND = YES;
				GCC_C_LANGUAGE_STANDARD = gnu11;
				GCC_NO_COMMON_BLOCKS = YES;
				GCC_WARN_64_TO_32_BIT_CONVERSION = YES;
				GCC_WARN_ABOUT_RETURN_TYPE = YES_ERROR;
				GCC_WARN_UNDECLARED_SELECTOR = YES;
				GCC_WARN_UNINITIALIZED_AUTOS = YES_AGGRESSIVE;
				GCC_WARN_UNUSED_FUNCTION = YES;
				GCC_WARN_UNUSED_VARIABLE = YES;
				IPHONEOS_DEPLOYMENT_TARGET = 11.0;
				MTL_ENABLE_DEBUG_INFO = NO;
				SDKROOT = iphoneos;
				SWIFT_OPTIMIZATION_LEVEL = "-Owholemodule";
				VALIDATE_PRODUCT = YES;
			};
			name = Release;
		};
		CBF84C481F8B692A0074004A /* Debug */ = {
			isa = XCBuildConfiguration;
			buildSettings = {
				ASSETCATALOG_COMPILER_APPICON_NAME = AppIcon;
				CODE_SIGN_STYLE = Automatic;
				DEVELOPMENT_TEAM = 9RCKEM6H93;
				INFOPLIST_FILE = Application_ATeam/Info.plist;
				LD_RUNPATH_SEARCH_PATHS = "$(inherited) @executable_path/Frameworks";
				PRODUCT_BUNDLE_IDENTIFIER = "brAzilHome.Application-ATeam";
				PRODUCT_NAME = "$(TARGET_NAME)";
				SWIFT_VERSION = 4.0;
				TARGETED_DEVICE_FAMILY = "1,2";
			};
			name = Debug;
		};
		CBF84C491F8B692A0074004A /* Release */ = {
			isa = XCBuildConfiguration;
			buildSettings = {
				ASSETCATALOG_COMPILER_APPICON_NAME = AppIcon;
				CODE_SIGN_STYLE = Automatic;
				DEVELOPMENT_TEAM = 9RCKEM6H93;
				INFOPLIST_FILE = Application_ATeam/Info.plist;
				LD_RUNPATH_SEARCH_PATHS = "$(inherited) @executable_path/Frameworks";
				PRODUCT_BUNDLE_IDENTIFIER = "brAzilHome.Application-ATeam";
				PRODUCT_NAME = "$(TARGET_NAME)";
				SWIFT_VERSION = 4.0;
				TARGETED_DEVICE_FAMILY = "1,2";
			};
			name = Release;
		};
/* End XCBuildConfiguration section */

/* Begin XCConfigurationList section */
		CBF84C301F8B692A0074004A /* Build configuration list for PBXProject "Application_ATeam" */ = {
			isa = XCConfigurationList;
			buildConfigurations = (
				CBF84C451F8B692A0074004A /* Debug */,
				CBF84C461F8B692A0074004A /* Release */,
			);
			defaultConfigurationIsVisible = 0;
			defaultConfigurationName = Release;
		};
		CBF84C471F8B692A0074004A /* Build configuration list for PBXNativeTarget "Application_ATeam" */ = {
			isa = XCConfigurationList;
			buildConfigurations = (
				CBF84C481F8B692A0074004A /* Debug */,
				CBF84C491F8B692A0074004A /* Release */,
			);
			defaultConfigurationIsVisible = 0;
			defaultConfigurationName = Release;
		};
/* End XCConfigurationList section */
	};
	rootObject = CBF84C2D1F8B692A0074004A /* Project object */;
}
